{
  "name": "ts-1-draft",
  "lockfileVersion": 2,
  "requires": true,
  "packages": {
    "": {
      "dependencies": {
        "xv": "^1.1.1"
      },
      "devDependencies": {
        "typescript": "^4.8.4"
      }
    },
    "node_modules/typescript": {
      "version": "4.8.4",
      "resolved": "https://registry.npmjs.org/typescript/-/typescript-4.8.4.tgz",
      "integrity": "sha512-QCh+85mCy+h0IGff8r5XWzOVSbBO+KfeYrMQh7NJ58QujwcE22u+NUSmUxqF+un70P9GXKxa2HCNiTTMJknyjQ==",
      "dev": true,
      "bin": {
        "tsc": "bin/tsc",
        "tsserver": "bin/tsserver"
      },
      "engines": {
        "node": ">=4.2.0"
      }
    },
    "node_modules/xv": {
      "version": "1.1.1",
      "resolved": "https://registry.npmjs.org/xv/-/xv-1.1.1.tgz",
      "integrity": "sha512-sNjJ2exlLDcyzZS0fgPDREjt6WXzpXDb9KW9GAdg3rRDN2+9M4FhiummDEf2JWtzcpLzEaNa1ZZXl1Kvrenc1Q==",
      "bin": {
        "xv": "lib/bin.js"
      },
      "engines": {
        "node": "^12.20.0 || ^14.13.1 || >=16.0.0"
      },
      "funding": {
        "url": "https://github.com/sponsors/typicode"
      }
    }
  },
  "dependencies": {
    "typescript": {
      "version": "4.8.4",
      "resolved": "https://registry.npmjs.org/typescript/-/typescript-4.8.4.tgz",
      "integrity": "sha512-QCh+85mCy+h0IGff8r5XWzOVSbBO+KfeYrMQh7NJ58QujwcE22u+NUSmUxqF+un70P9GXKxa2HCNiTTMJknyjQ==",
      "dev": true
    },
    "xv": {
      "version": "1.1.1",
      "resolved": "https://registry.npmjs.org/xv/-/xv-1.1.1.tgz",
      "integrity": "sha512-sNjJ2exlLDcyzZS0fgPDREjt6WXzpXDb9KW9GAdg3rRDN2+9M4FhiummDEf2JWtzcpLzEaNa1ZZXl1Kvrenc1Q=="
    }
  }
}
